
Microsoft Visual Studio Solution File, Format Version 12.00
# Visual Studio Version 17
VisualStudioVersion = 17.8.34525.116
MinimumVisualStudioVersion = 10.0.40219.1
Project("{FAE04EC0-301F-11D3-BF4B-00C04F79EFBC}") = "codePulse.Api", "codePulse.Api\codePulse.Api.csproj", "{DB597A6C-EDFB-4B1F-A5A1-C9246FB45B43}"
EndProject
Global
	GlobalSection(SolutionConfigurationPlatforms) = preSolution
		Debug|Any CPU = Debug|Any CPU
		Release|Any CPU = Release|Any CPU
	EndGlobalSection
	GlobalSection(ProjectConfigurationPlatforms) = postSolution
		{DB597A6C-EDFB-4B1F-A5A1-C9246FB45B43}.Debug|Any CPU.ActiveCfg = Debug|Any CPU
		{DB597A6C-EDFB-4B1F-A5A1-C9246FB45B43}.Debug|Any CPU.Build.0 = Debug|Any CPU
		{DB597A6C-EDFB-4B1F-A5A1-C9246FB45B43}.Release|Any CPU.ActiveCfg = Release|Any CPU
		{DB597A6C-EDFB-4B1F-A5A1-C9246FB45B43}.Release|Any CPU.Build.0 = Release|Any CPU
	EndGlobalSection
	GlobalSection(SolutionProperties) = preSolution
		HideSolutionNode = FALSE
	EndGlobalSection
	GlobalSection(ExtensibilityGlobals) = postSolution
		SolutionGuid = {BB49AA96-C45B-4E77-90E1-3AF2BF9A11F6}
	EndGlobalSection
EndGlobal
